
Microsoft Visual Studio Solution File, Format Version 12.00
# Visual Studio Version 17
VisualStudioVersion = 17.7.34024.191
MinimumVisualStudioVersion = 10.0.40219.1
Project("{FAE04EC0-301F-11D3-BF4B-00C04F79EFBC}") = "Estoque", "Estoque\Estoque.csproj", "{30AC319A-F87D-48E4-B5F4-83C0B008478A}"
EndProject
Global
	GlobalSection(SolutionConfigurationPlatforms) = preSolution
		Debug|Any CPU = Debug|Any CPU
		Release|Any CPU = Release|Any CPU
	EndGlobalSection
	GlobalSection(ProjectConfigurationPlatforms) = postSolution
		{30AC319A-F87D-48E4-B5F4-83C0B008478A}.Debug|Any CPU.ActiveCfg = Debug|Any CPU
		{30AC319A-F87D-48E4-B5F4-83C0B008478A}.Debug|Any CPU.Build.0 = Debug|Any CPU
		{30AC319A-F87D-48E4-B5F4-83C0B008478A}.Release|Any CPU.ActiveCfg = Release|Any CPU
		{30AC319A-F87D-48E4-B5F4-83C0B008478A}.Release|Any CPU.Build.0 = Release|Any CPU
	EndGlobalSection
	GlobalSection(SolutionProperties) = preSolution
		HideSolutionNode = FALSE
	EndGlobalSection
	GlobalSection(ExtensibilityGlobals) = postSolution
		SolutionGuid = {E315C065-7DFB-4899-BDC5-11408B853870}
	EndGlobalSection
EndGlobal
