
Microsoft Visual Studio Solution File, Format Version 12.00
# Visual Studio Version 17
VisualStudioVersion = 17.7.34024.191
MinimumVisualStudioVersion = 10.0.40219.1
Project("{FAE04EC0-301F-11D3-BF4B-00C04F79EFBC}") = "FormulaTriangulo", "FormulaTriangulo\FormulaTriangulo.csproj", "{9A28DFF3-5E15-477B-886A-46485338BD06}"
EndProject
Global
	GlobalSection(SolutionConfigurationPlatforms) = preSolution
		Debug|Any CPU = Debug|Any CPU
		Release|Any CPU = Release|Any CPU
	EndGlobalSection
	GlobalSection(ProjectConfigurationPlatforms) = postSolution
		{9A28DFF3-5E15-477B-886A-46485338BD06}.Debug|Any CPU.ActiveCfg = Debug|Any CPU
		{9A28DFF3-5E15-477B-886A-46485338BD06}.Debug|Any CPU.Build.0 = Debug|Any CPU
		{9A28DFF3-5E15-477B-886A-46485338BD06}.Release|Any CPU.ActiveCfg = Release|Any CPU
		{9A28DFF3-5E15-477B-886A-46485338BD06}.Release|Any CPU.Build.0 = Release|Any CPU
	EndGlobalSection
	GlobalSection(SolutionProperties) = preSolution
		HideSolutionNode = FALSE
	EndGlobalSection
	GlobalSection(ExtensibilityGlobals) = postSolution
		SolutionGuid = {4D7F3050-7EEE-4D96-A8F8-0845BE808EC0}
	EndGlobalSection
EndGlobal
